
Microsoft Visual Studio Solution File, Format Version 12.00
# Visual Studio Version 17
VisualStudioVersion = 17.5.33516.290
MinimumVisualStudioVersion = 10.0.40219.1
Project("{2150E333-8FDC-42A3-9474-1A3956D46DE8}") = "App", "App", "{FBE6BBFF-DEC4-4C26-A4B4-1601742DA29E}"
EndProject
Project("{FAE04EC0-301F-11D3-BF4B-00C04F79EFBC}") = "AccessProjectsRoslynImproveandrepeatComConsoleNet7", "AccessProjectsRoslynImproveandrepeatComConsoleNet7\AccessProjectsRoslynImproveandrepeatComConsoleNet7.csproj", "{AB7BCF4B-F8A8-44ED-9EF3-A60323D644CC}"
EndProject
Global
	GlobalSection(SolutionConfigurationPlatforms) = preSolution
		Debug|Any CPU = Debug|Any CPU
		Release|Any CPU = Release|Any CPU
	EndGlobalSection
	GlobalSection(ProjectConfigurationPlatforms) = postSolution
		{AB7BCF4B-F8A8-44ED-9EF3-A60323D644CC}.Debug|Any CPU.ActiveCfg = Debug|Any CPU
		{AB7BCF4B-F8A8-44ED-9EF3-A60323D644CC}.Debug|Any CPU.Build.0 = Debug|Any CPU
		{AB7BCF4B-F8A8-44ED-9EF3-A60323D644CC}.Release|Any CPU.ActiveCfg = Release|Any CPU
		{AB7BCF4B-F8A8-44ED-9EF3-A60323D644CC}.Release|Any CPU.Build.0 = Release|Any CPU
	EndGlobalSection
	GlobalSection(SolutionProperties) = preSolution
		HideSolutionNode = FALSE
	EndGlobalSection
	GlobalSection(NestedProjects) = preSolution
		{AB7BCF4B-F8A8-44ED-9EF3-A60323D644CC} = {FBE6BBFF-DEC4-4C26-A4B4-1601742DA29E}
	EndGlobalSection
	GlobalSection(ExtensibilityGlobals) = postSolution
		SolutionGuid = {CF8D3787-7805-4992-8AD8-8A16B0AABC91}
	EndGlobalSection
EndGlobal
